
Microsoft Visual Studio Solution File, Format Version 12.00
# Visual Studio Version 17
VisualStudioVersion = 17.0.31903.59
MinimumVisualStudioVersion = 10.0.40219.1
Project("{FAE04EC0-301F-11D3-BF4B-00C04F79EFBC}") = "MiniAnalyzers.UI", "MiniAnalyzers.UI\MiniAnalyzers.UI.csproj", "{4D1FDCD3-2EEA-4380-ABCC-0EE260FF3B85}"
EndProject
Project("{FAE04EC0-301F-11D3-BF4B-00C04F79EFBC}") = "MiniAnalyzers.Roslyn", "MiniAnalyzers.Roslyn\MiniAnalyzers.Roslyn.csproj", "{E47FC6B1-CA79-497B-A7D7-9E5284F9F5B4}"
EndProject
Project("{FAE04EC0-301F-11D3-BF4B-00C04F79EFBC}") = "MiniAnalyzers.Core", "MiniAnalyzers.Core\MiniAnalyzers.Core.csproj", "{9BE48857-92EC-441D-81C7-C7A8F1D057C2}"
EndProject
Project("{FAE04EC0-301F-11D3-BF4B-00C04F79EFBC}") = "MiniAnalyzers.CodeFixes", "MiniAnalyzers.CodeFixes\MiniAnalyzers.CodeFixes.csproj", "{1D22BAF6-3D18-4C19-9957-ED8BE89436DC}"
EndProject
Project("{FAE04EC0-301F-11D3-BF4B-00C04F79EFBC}") = "MiniAnalyzers.Tests", "MiniAnalyzers.Tests\MiniAnalyzers.Tests.csproj", "{B94264BD-9D09-4181-9258-4D135224C0C6}"
EndProject
Global
	GlobalSection(SolutionConfigurationPlatforms) = preSolution
		Debug|Any CPU = Debug|Any CPU
		Debug|x64 = Debug|x64
		Debug|x86 = Debug|x86
		Release|Any CPU = Release|Any CPU
		Release|x64 = Release|x64
		Release|x86 = Release|x86
	EndGlobalSection
	GlobalSection(ProjectConfigurationPlatforms) = postSolution
		{4D1FDCD3-2EEA-4380-ABCC-0EE260FF3B85}.Debug|Any CPU.ActiveCfg = Debug|Any CPU
		{4D1FDCD3-2EEA-4380-ABCC-0EE260FF3B85}.Debug|Any CPU.Build.0 = Debug|Any CPU
		{4D1FDCD3-2EEA-4380-ABCC-0EE260FF3B85}.Debug|x64.ActiveCfg = Debug|Any CPU
		{4D1FDCD3-2EEA-4380-ABCC-0EE260FF3B85}.Debug|x64.Build.0 = Debug|Any CPU
		{4D1FDCD3-2EEA-4380-ABCC-0EE260FF3B85}.Debug|x86.ActiveCfg = Debug|Any CPU
		{4D1FDCD3-2EEA-4380-ABCC-0EE260FF3B85}.Debug|x86.Build.0 = Debug|Any CPU
		{4D1FDCD3-2EEA-4380-ABCC-0EE260FF3B85}.Release|Any CPU.ActiveCfg = Release|Any CPU
		{4D1FDCD3-2EEA-4380-ABCC-0EE260FF3B85}.Release|Any CPU.Build.0 = Release|Any CPU
		{4D1FDCD3-2EEA-4380-ABCC-0EE260FF3B85}.Release|x64.ActiveCfg = Release|Any CPU
		{4D1FDCD3-2EEA-4380-ABCC-0EE260FF3B85}.Release|x64.Build.0 = Release|Any CPU
		{4D1FDCD3-2EEA-4380-ABCC-0EE260FF3B85}.Release|x86.ActiveCfg = Release|Any CPU
		{4D1FDCD3-2EEA-4380-ABCC-0EE260FF3B85}.Release|x86.Build.0 = Release|Any CPU
		{E47FC6B1-CA79-497B-A7D7-9E5284F9F5B4}.Debug|Any CPU.ActiveCfg = Debug|Any CPU
		{E47FC6B1-CA79-497B-A7D7-9E5284F9F5B4}.Debug|Any CPU.Build.0 = Debug|Any CPU
		{E47FC6B1-CA79-497B-A7D7-9E5284F9F5B4}.Debug|x64.ActiveCfg = Debug|Any CPU
		{E47FC6B1-CA79-497B-A7D7-9E5284F9F5B4}.Debug|x64.Build.0 = Debug|Any CPU
		{E47FC6B1-CA79-497B-A7D7-9E5284F9F5B4}.Debug|x86.ActiveCfg = Debug|Any CPU
		{E47FC6B1-CA79-497B-A7D7-9E5284F9F5B4}.Debug|x86.Build.0 = Debug|Any CPU
		{E47FC6B1-CA79-497B-A7D7-9E5284F9F5B4}.Release|Any CPU.ActiveCfg = Release|Any CPU
		{E47FC6B1-CA79-497B-A7D7-9E5284F9F5B4}.Release|Any CPU.Build.0 = Release|Any CPU
		{E47FC6B1-CA79-497B-A7D7-9E5284F9F5B4}.Release|x64.ActiveCfg = Release|Any CPU
		{E47FC6B1-CA79-497B-A7D7-9E5284F9F5B4}.Release|x64.Build.0 = Release|Any CPU
		{E47FC6B1-CA79-497B-A7D7-9E5284F9F5B4}.Release|x86.ActiveCfg = Release|Any CPU
		{E47FC6B1-CA79-497B-A7D7-9E5284F9F5B4}.Release|x86.Build.0 = Release|Any CPU
		{9BE48857-92EC-441D-81C7-C7A8F1D057C2}.Debug|Any CPU.ActiveCfg = Debug|Any CPU
		{9BE48857-92EC-441D-81C7-C7A8F1D057C2}.Debug|Any CPU.Build.0 = Debug|Any CPU
		{9BE48857-92EC-441D-81C7-C7A8F1D057C2}.Debug|x64.ActiveCfg = Debug|Any CPU
		{9BE48857-92EC-441D-81C7-C7A8F1D057C2}.Debug|x64.Build.0 = Debug|Any CPU
		{9BE48857-92EC-441D-81C7-C7A8F1D057C2}.Debug|x86.ActiveCfg = Debug|Any CPU
		{9BE48857-92EC-441D-81C7-C7A8F1D057C2}.Debug|x86.Build.0 = Debug|Any CPU
		{9BE48857-92EC-441D-81C7-C7A8F1D057C2}.Release|Any CPU.ActiveCfg = Release|Any CPU
		{9BE48857-92EC-441D-81C7-C7A8F1D057C2}.Release|Any CPU.Build.0 = Release|Any CPU
		{9BE48857-92EC-441D-81C7-C7A8F1D057C2}.Release|x64.ActiveCfg = Release|Any CPU
		{9BE48857-92EC-441D-81C7-C7A8F1D057C2}.Release|x64.Build.0 = Release|Any CPU
		{9BE48857-92EC-441D-81C7-C7A8F1D057C2}.Release|x86.ActiveCfg = Release|Any CPU
		{9BE48857-92EC-441D-81C7-C7A8F1D057C2}.Release|x86.Build.0 = Release|Any CPU
		{1D22BAF6-3D18-4C19-9957-ED8BE89436DC}.Debug|Any CPU.ActiveCfg = Debug|Any CPU
		{1D22BAF6-3D18-4C19-9957-ED8BE89436DC}.Debug|Any CPU.Build.0 = Debug|Any CPU
		{1D22BAF6-3D18-4C19-9957-ED8BE89436DC}.Debug|x64.ActiveCfg = Debug|Any CPU
		{1D22BAF6-3D18-4C19-9957-ED8BE89436DC}.Debug|x64.Build.0 = Debug|Any CPU
		{1D22BAF6-3D18-4C19-9957-ED8BE89436DC}.Debug|x86.ActiveCfg = Debug|Any CPU
		{1D22BAF6-3D18-4C19-9957-ED8BE89436DC}.Debug|x86.Build.0 = Debug|Any CPU
		{1D22BAF6-3D18-4C19-9957-ED8BE89436DC}.Release|Any CPU.ActiveCfg = Release|Any CPU
		{1D22BAF6-3D18-4C19-9957-ED8BE89436DC}.Release|Any CPU.Build.0 = Release|Any CPU
		{1D22BAF6-3D18-4C19-9957-ED8BE89436DC}.Release|x64.ActiveCfg = Release|Any CPU
		{1D22BAF6-3D18-4C19-9957-ED8BE89436DC}.Release|x64.Build.0 = Release|Any CPU
		{1D22BAF6-3D18-4C19-9957-ED8BE89436DC}.Release|x86.ActiveCfg = Release|Any CPU
		{1D22BAF6-3D18-4C19-9957-ED8BE89436DC}.Release|x86.Build.0 = Release|Any CPU
		{B94264BD-9D09-4181-9258-4D135224C0C6}.Debug|Any CPU.ActiveCfg = Debug|Any CPU
		{B94264BD-9D09-4181-9258-4D135224C0C6}.Debug|Any CPU.Build.0 = Debug|Any CPU
		{B94264BD-9D09-4181-9258-4D135224C0C6}.Debug|x64.ActiveCfg = Debug|Any CPU
		{B94264BD-9D09-4181-9258-4D135224C0C6}.Debug|x64.Build.0 = Debug|Any CPU
		{B94264BD-9D09-4181-9258-4D135224C0C6}.Debug|x86.ActiveCfg = Debug|Any CPU
		{B94264BD-9D09-4181-9258-4D135224C0C6}.Debug|x86.Build.0 = Debug|Any CPU
		{B94264BD-9D09-4181-9258-4D135224C0C6}.Release|Any CPU.ActiveCfg = Release|Any CPU
		{B94264BD-9D09-4181-9258-4D135224C0C6}.Release|Any CPU.Build.0 = Release|Any CPU
		{B94264BD-9D09-4181-9258-4D135224C0C6}.Release|x64.ActiveCfg = Release|Any CPU
		{B94264BD-9D09-4181-9258-4D135224C0C6}.Release|x64.Build.0 = Release|Any CPU
		{B94264BD-9D09-4181-9258-4D135224C0C6}.Release|x86.ActiveCfg = Release|Any CPU
		{B94264BD-9D09-4181-9258-4D135224C0C6}.Release|x86.Build.0 = Release|Any CPU
	EndGlobalSection
	GlobalSection(SolutionProperties) = preSolution
		HideSolutionNode = FALSE
	EndGlobalSection
EndGlobal
